
Microsoft Visual Studio Solution File, Format Version 12.00
# Visual Studio Version 16
VisualStudioVersion = 16.0.32428.217
MinimumVisualStudioVersion = 10.0.40219.1
Project("{8BC9CEB8-8B4A-11D0-8D11-00A0C91BC942}") = "List", "List\List.vcxproj", "{9594D584-4A6A-4A77-B330-12E833F69380}"
EndProject
Global
	GlobalSection(SolutionConfigurationPlatforms) = preSolution
		Debug|x64 = Debug|x64
		Debug|x86 = Debug|x86
		Release|x64 = Release|x64
		Release|x86 = Release|x86
	EndGlobalSection
	GlobalSection(ProjectConfigurationPlatforms) = postSolution
		{9594D584-4A6A-4A77-B330-12E833F69380}.Debug|x64.ActiveCfg = Debug|x64
		{9594D584-4A6A-4A77-B330-12E833F69380}.Debug|x64.Build.0 = Debug|x64
		{9594D584-4A6A-4A77-B330-12E833F69380}.Debug|x86.ActiveCfg = Debug|Win32
		{9594D584-4A6A-4A77-B330-12E833F69380}.Debug|x86.Build.0 = Debug|Win32
		{9594D584-4A6A-4A77-B330-12E833F69380}.Release|x64.ActiveCfg = Release|x64
		{9594D584-4A6A-4A77-B330-12E833F69380}.Release|x64.Build.0 = Release|x64
		{9594D584-4A6A-4A77-B330-12E833F69380}.Release|x86.ActiveCfg = Release|Win32
		{9594D584-4A6A-4A77-B330-12E833F69380}.Release|x86.Build.0 = Release|Win32
	EndGlobalSection
	GlobalSection(SolutionProperties) = preSolution
		HideSolutionNode = FALSE
	EndGlobalSection
	GlobalSection(ExtensibilityGlobals) = postSolution
		SolutionGuid = {670E3E65-6FBD-42D9-A50F-FC6AED0746A7}
	EndGlobalSection
EndGlobal
